Microsoft Visual Studio Solution File, Format Version 11.00
# Visual Studio 2010
Project("{F184B08F-C81C-45F6-A57F-5ABD9991F28F}") = "CrosshairLabelTemplateForAxis", "CrosshairLabelTemplateForAxis\CrosshairLabelTemplateForAxis.vbproj", "{4A9CE3DB-44F3-421A-BCA3-20AE92F66D9A}"
EndProject
Project("{F184B08F-C81C-45F6-A57F-5ABD9991F28F}") = "CrosshairLabelTemplateForAxis.Web", "CrosshairLabelTemplateForAxis.Web\CrosshairLabelTemplateForAxis.Web.vbproj", "{2E4101C3-1BA3-4B1E-BE43-EF97A2708075}"
EndProject
Global
	GlobalSection(SolutionConfigurationPlatforms) = preSolution
		Debug|Any CPU = Debug|Any CPU
		Release|Any CPU = Release|Any CPU
	EndGlobalSection
	GlobalSection(ProjectConfigurationPlatforms) = postSolution
		{4A9CE3DB-44F3-421A-BCA3-20AE92F66D9A}.Debug|Any CPU.ActiveCfg = Debug|Any CPU
		{4A9CE3DB-44F3-421A-BCA3-20AE92F66D9A}.Debug|Any CPU.Build.0 = Debug|Any CPU
		{4A9CE3DB-44F3-421A-BCA3-20AE92F66D9A}.Release|Any CPU.ActiveCfg = Release|Any CPU
		{4A9CE3DB-44F3-421A-BCA3-20AE92F66D9A}.Release|Any CPU.Build.0 = Release|Any CPU
		{2E4101C3-1BA3-4B1E-BE43-EF97A2708075}.Debug|Any CPU.ActiveCfg = Debug|Any CPU
		{2E4101C3-1BA3-4B1E-BE43-EF97A2708075}.Debug|Any CPU.Build.0 = Debug|Any CPU
		{2E4101C3-1BA3-4B1E-BE43-EF97A2708075}.Release|Any CPU.ActiveCfg = Release|Any CPU
		{2E4101C3-1BA3-4B1E-BE43-EF97A2708075}.Release|Any CPU.Build.0 = Release|Any CPU
	EndGlobalSection
	GlobalSection(SolutionProperties) = preSolution
		HideSolutionNode = FALSE
	EndGlobalSection
EndGlobal
